
Microsoft Visual Studio Solution File, Format Version 12.00
# Visual Studio Version 16
VisualStudioVersion = 16.0.29709.97
MinimumVisualStudioVersion = 10.0.40219.1
Project("{FAE04EC0-301F-11D3-BF4B-00C04F79EFBC}") = "Parallel_Programing_program", "Parallel_Programing_program\Parallel_Programing_program.csproj", "{AEF5DB7C-E1A5-464A-B35D-87FF304033B3}"
EndProject
Global
	GlobalSection(SolutionConfigurationPlatforms) = preSolution
		Debug|Any CPU = Debug|Any CPU
		Release|Any CPU = Release|Any CPU
	EndGlobalSection
	GlobalSection(ProjectConfigurationPlatforms) = postSolution
		{AEF5DB7C-E1A5-464A-B35D-87FF304033B3}.Debug|Any CPU.ActiveCfg = Debug|Any CPU
		{AEF5DB7C-E1A5-464A-B35D-87FF304033B3}.Debug|Any CPU.Build.0 = Debug|Any CPU
		{AEF5DB7C-E1A5-464A-B35D-87FF304033B3}.Release|Any CPU.ActiveCfg = Release|Any CPU
		{AEF5DB7C-E1A5-464A-B35D-87FF304033B3}.Release|Any CPU.Build.0 = Release|Any CPU
	EndGlobalSection
	GlobalSection(SolutionProperties) = preSolution
		HideSolutionNode = FALSE
	EndGlobalSection
	GlobalSection(ExtensibilityGlobals) = postSolution
		SolutionGuid = {A8689CAF-F3CA-4102-8B0D-99C7027C7C63}
	EndGlobalSection
EndGlobal
